
Microsoft Visual Studio Solution File, Format Version 12.00
# Visual Studio Version 17
VisualStudioVersion = 17.11.35327.3
MinimumVisualStudioVersion = 10.0.40219.1
Project("{FAE04EC0-301F-11D3-BF4B-00C04F79EFBC}") = "JewlryShop2", "JewlryShop2\JewlryShop2.csproj", "{FD4A2426-CDF4-4F3D-A686-E7E291C7AEAF}"
EndProject
Global
	GlobalSection(SolutionConfigurationPlatforms) = preSolution
		Debug|Any CPU = Debug|Any CPU
		Release|Any CPU = Release|Any CPU
	EndGlobalSection
	GlobalSection(ProjectConfigurationPlatforms) = postSolution
		{FD4A2426-CDF4-4F3D-A686-E7E291C7AEAF}.Debug|Any CPU.ActiveCfg = Debug|Any CPU
		{FD4A2426-CDF4-4F3D-A686-E7E291C7AEAF}.Debug|Any CPU.Build.0 = Debug|Any CPU
		{FD4A2426-CDF4-4F3D-A686-E7E291C7AEAF}.Release|Any CPU.ActiveCfg = Release|Any CPU
		{FD4A2426-CDF4-4F3D-A686-E7E291C7AEAF}.Release|Any CPU.Build.0 = Release|Any CPU
	EndGlobalSection
	GlobalSection(SolutionProperties) = preSolution
		HideSolutionNode = FALSE
	EndGlobalSection
	GlobalSection(ExtensibilityGlobals) = postSolution
		SolutionGuid = {11A661AF-8510-4CEA-B8D3-A19DB1031C74}
	EndGlobalSection
EndGlobal
